
Microsoft Visual Studio Solution File, Format Version 12.00
# Visual Studio 15
VisualStudioVersion = 15.0.28306.52
MinimumVisualStudioVersion = 10.0.40219.1
Project("{FAE04EC0-301F-11D3-BF4B-00C04F79EFBC}") = "EmployeeManagement", "EmployeeManagement\EmployeeManagement.csproj", "{FB0479E0-F7DF-4C4D-B143-8BB8AF7018CF}"
EndProject
Project("{FAE04EC0-301F-11D3-BF4B-00C04F79EFBC}") = "EMP.EF", "EMP.EF\EMP.EF.csproj", "{EAC88C1B-5A12-4AE6-BAA9-F22F819AE87B}"
EndProject
Project("{FAE04EC0-301F-11D3-BF4B-00C04F79EFBC}") = "EMP.BusinessEntity", "EMP.BusinessEntity\EMP.BusinessEntity.csproj", "{D220BE4B-2044-4AF0-83EB-FE6068233438}"
EndProject
Project("{FAE04EC0-301F-11D3-BF4B-00C04F79EFBC}") = "EMP.DataAccess", "EMP.DataAccess\EMP.DataAccess.csproj", "{A98C4648-D4AE-4E54-994C-68048554920B}"
EndProject
Project("{FAE04EC0-301F-11D3-BF4B-00C04F79EFBC}") = "EMP.BusinessUtil", "EMP.BusinessUtil\EMP.BusinessUtil.csproj", "{D2E65BEA-91CF-4F1E-BEE8-E6E5E2E6FFF2}"
EndProject
Global
	GlobalSection(SolutionConfigurationPlatforms) = preSolution
		Debug|Any CPU = Debug|Any CPU
		Release|Any CPU = Release|Any CPU
	EndGlobalSection
	GlobalSection(ProjectConfigurationPlatforms) = postSolution
		{FB0479E0-F7DF-4C4D-B143-8BB8AF7018CF}.Debug|Any CPU.ActiveCfg = Debug|Any CPU
		{FB0479E0-F7DF-4C4D-B143-8BB8AF7018CF}.Debug|Any CPU.Build.0 = Debug|Any CPU
		{FB0479E0-F7DF-4C4D-B143-8BB8AF7018CF}.Release|Any CPU.ActiveCfg = Release|Any CPU
		{FB0479E0-F7DF-4C4D-B143-8BB8AF7018CF}.Release|Any CPU.Build.0 = Release|Any CPU
		{EAC88C1B-5A12-4AE6-BAA9-F22F819AE87B}.Debug|Any CPU.ActiveCfg = Debug|Any CPU
		{EAC88C1B-5A12-4AE6-BAA9-F22F819AE87B}.Debug|Any CPU.Build.0 = Debug|Any CPU
		{EAC88C1B-5A12-4AE6-BAA9-F22F819AE87B}.Release|Any CPU.ActiveCfg = Release|Any CPU
		{EAC88C1B-5A12-4AE6-BAA9-F22F819AE87B}.Release|Any CPU.Build.0 = Release|Any CPU
		{D220BE4B-2044-4AF0-83EB-FE6068233438}.Debug|Any CPU.ActiveCfg = Debug|Any CPU
		{D220BE4B-2044-4AF0-83EB-FE6068233438}.Debug|Any CPU.Build.0 = Debug|Any CPU
		{D220BE4B-2044-4AF0-83EB-FE6068233438}.Release|Any CPU.ActiveCfg = Release|Any CPU
		{D220BE4B-2044-4AF0-83EB-FE6068233438}.Release|Any CPU.Build.0 = Release|Any CPU
		{A98C4648-D4AE-4E54-994C-68048554920B}.Debug|Any CPU.ActiveCfg = Debug|Any CPU
		{A98C4648-D4AE-4E54-994C-68048554920B}.Debug|Any CPU.Build.0 = Debug|Any CPU
		{A98C4648-D4AE-4E54-994C-68048554920B}.Release|Any CPU.ActiveCfg = Release|Any CPU
		{A98C4648-D4AE-4E54-994C-68048554920B}.Release|Any CPU.Build.0 = Release|Any CPU
		{D2E65BEA-91CF-4F1E-BEE8-E6E5E2E6FFF2}.Debug|Any CPU.ActiveCfg = Debug|Any CPU
		{D2E65BEA-91CF-4F1E-BEE8-E6E5E2E6FFF2}.Debug|Any CPU.Build.0 = Debug|Any CPU
		{D2E65BEA-91CF-4F1E-BEE8-E6E5E2E6FFF2}.Release|Any CPU.ActiveCfg = Release|Any CPU
		{D2E65BEA-91CF-4F1E-BEE8-E6E5E2E6FFF2}.Release|Any CPU.Build.0 = Release|Any CPU
	EndGlobalSection
	GlobalSection(SolutionProperties) = preSolution
		HideSolutionNode = FALSE
	EndGlobalSection
	GlobalSection(ExtensibilityGlobals) = postSolution
		SolutionGuid = {4482148E-52FC-43D6-8D49-B18993BF59E4}
	EndGlobalSection
EndGlobal
